
Microsoft Visual Studio Solution File, Format Version 12.00
# Visual Studio Version 17
VisualStudioVersion = 17.4.33213.308
MinimumVisualStudioVersion = 10.0.40219.1
Project("{FAE04EC0-301F-11D3-BF4B-00C04F79EFBC}") = "ChallengeApp", "ChallengeApp\ChallengeApp.csproj", "{3199A401-64E8-48E7-9EC6-B7208F73CF0F}"
EndProject
Global
	GlobalSection(SolutionConfigurationPlatforms) = preSolution
		Debug|Any CPU = Debug|Any CPU
		Release|Any CPU = Release|Any CPU
	EndGlobalSection
	GlobalSection(ProjectConfigurationPlatforms) = postSolution
		{3199A401-64E8-48E7-9EC6-B7208F73CF0F}.Debug|Any CPU.ActiveCfg = Debug|Any CPU
		{3199A401-64E8-48E7-9EC6-B7208F73CF0F}.Debug|Any CPU.Build.0 = Debug|Any CPU
		{3199A401-64E8-48E7-9EC6-B7208F73CF0F}.Release|Any CPU.ActiveCfg = Release|Any CPU
		{3199A401-64E8-48E7-9EC6-B7208F73CF0F}.Release|Any CPU.Build.0 = Release|Any CPU
	EndGlobalSection
	GlobalSection(SolutionProperties) = preSolution
		HideSolutionNode = FALSE
	EndGlobalSection
	GlobalSection(ExtensibilityGlobals) = postSolution
		SolutionGuid = {91E150C1-982F-4D47-A628-F0073860BF58}
	EndGlobalSection
EndGlobal
